
Microsoft Visual Studio Solution File, Format Version 12.00
# Visual Studio Version 17
VisualStudioVersion = 17.9.34622.214
MinimumVisualStudioVersion = 10.0.40219.1
Project("{8BC9CEB8-8B4A-11D0-8D11-00A0C91BC942}") = "Bronze", "Bronze\Bronze.vcxproj", "{3AA222AA-9F55-4409-996E-EC0C8BB7FF94}"
EndProject
Project("{8BC9CEB8-8B4A-11D0-8D11-00A0C91BC942}") = "Silver", "Silver\Silver.vcxproj", "{DDC8CCC8-8641-43B6-AE91-B78BF450726D}"
EndProject
Project("{8BC9CEB8-8B4A-11D0-8D11-00A0C91BC942}") = "Gold", "Gold\Gold.vcxproj", "{3273BDB5-F9C1-46E5-87FD-D7CB56C26622}"
EndProject
Project("{8BC9CEB8-8B4A-11D0-8D11-00A0C91BC942}") = "Platinum", "Platinum\Platinum.vcxproj", "{C5D9E5D6-2D12-49FA-BAE7-14BD7DCF59B3}"
EndProject
Global
	GlobalSection(SolutionConfigurationPlatforms) = preSolution
		Debug|x64 = Debug|x64
		Debug|x86 = Debug|x86
		Release|x64 = Release|x64
		Release|x86 = Release|x86
	EndGlobalSection
	GlobalSection(ProjectConfigurationPlatforms) = postSolution
		{3AA222AA-9F55-4409-996E-EC0C8BB7FF94}.Debug|x64.ActiveCfg = Debug|x64
		{3AA222AA-9F55-4409-996E-EC0C8BB7FF94}.Debug|x64.Build.0 = Debug|x64
		{3AA222AA-9F55-4409-996E-EC0C8BB7FF94}.Debug|x86.ActiveCfg = Debug|Win32
		{3AA222AA-9F55-4409-996E-EC0C8BB7FF94}.Debug|x86.Build.0 = Debug|Win32
		{3AA222AA-9F55-4409-996E-EC0C8BB7FF94}.Release|x64.ActiveCfg = Release|x64
		{3AA222AA-9F55-4409-996E-EC0C8BB7FF94}.Release|x64.Build.0 = Release|x64
		{3AA222AA-9F55-4409-996E-EC0C8BB7FF94}.Release|x86.ActiveCfg = Release|Win32
		{3AA222AA-9F55-4409-996E-EC0C8BB7FF94}.Release|x86.Build.0 = Release|Win32
		{DDC8CCC8-8641-43B6-AE91-B78BF450726D}.Debug|x64.ActiveCfg = Debug|x64
		{DDC8CCC8-8641-43B6-AE91-B78BF450726D}.Debug|x64.Build.0 = Debug|x64
		{DDC8CCC8-8641-43B6-AE91-B78BF450726D}.Debug|x86.ActiveCfg = Debug|Win32
		{DDC8CCC8-8641-43B6-AE91-B78BF450726D}.Debug|x86.Build.0 = Debug|Win32
		{DDC8CCC8-8641-43B6-AE91-B78BF450726D}.Release|x64.ActiveCfg = Release|x64
		{DDC8CCC8-8641-43B6-AE91-B78BF450726D}.Release|x64.Build.0 = Release|x64
		{DDC8CCC8-8641-43B6-AE91-B78BF450726D}.Release|x86.ActiveCfg = Release|Win32
		{DDC8CCC8-8641-43B6-AE91-B78BF450726D}.Release|x86.Build.0 = Release|Win32
		{3273BDB5-F9C1-46E5-87FD-D7CB56C26622}.Debug|x64.ActiveCfg = Debug|x64
		{3273BDB5-F9C1-46E5-87FD-D7CB56C26622}.Debug|x64.Build.0 = Debug|x64
		{3273BDB5-F9C1-46E5-87FD-D7CB56C26622}.Debug|x86.ActiveCfg = Debug|Win32
		{3273BDB5-F9C1-46E5-87FD-D7CB56C26622}.Debug|x86.Build.0 = Debug|Win32
		{3273BDB5-F9C1-46E5-87FD-D7CB56C26622}.Release|x64.ActiveCfg = Release|x64
		{3273BDB5-F9C1-46E5-87FD-D7CB56C26622}.Release|x64.Build.0 = Release|x64
		{3273BDB5-F9C1-46E5-87FD-D7CB56C26622}.Release|x86.ActiveCfg = Release|Win32
		{3273BDB5-F9C1-46E5-87FD-D7CB56C26622}.Release|x86.Build.0 = Release|Win32
		{C5D9E5D6-2D12-49FA-BAE7-14BD7DCF59B3}.Debug|x64.ActiveCfg = Debug|x64
		{C5D9E5D6-2D12-49FA-BAE7-14BD7DCF59B3}.Debug|x64.Build.0 = Debug|x64
		{C5D9E5D6-2D12-49FA-BAE7-14BD7DCF59B3}.Debug|x86.ActiveCfg = Debug|Win32
		{C5D9E5D6-2D12-49FA-BAE7-14BD7DCF59B3}.Debug|x86.Build.0 = Debug|Win32
		{C5D9E5D6-2D12-49FA-BAE7-14BD7DCF59B3}.Release|x64.ActiveCfg = Release|x64
		{C5D9E5D6-2D12-49FA-BAE7-14BD7DCF59B3}.Release|x64.Build.0 = Release|x64
		{C5D9E5D6-2D12-49FA-BAE7-14BD7DCF59B3}.Release|x86.ActiveCfg = Release|Win32
		{C5D9E5D6-2D12-49FA-BAE7-14BD7DCF59B3}.Release|x86.Build.0 = Release|Win32
	EndGlobalSection
	GlobalSection(SolutionProperties) = preSolution
		HideSolutionNode = FALSE
	EndGlobalSection
	GlobalSection(ExtensibilityGlobals) = postSolution
		SolutionGuid = {5A0AD3AB-6B21-409E-BE0E-A23877F5F971}
	EndGlobalSection
EndGlobal
