<?xml version="1.0" encoding="utf-8"?>
<Project ToolsVersion="4.0" xmlns="http://schemas.microsoft.com/developer/msbuild/2003">
  <ItemGroup>
    <Filter Include="소스 파일">
      <UniqueIdentifier>{4FC737F1-C7A5-4376-A066-2A32D752A2FF}</UniqueIdentifier>
      <Extensions>cpp;c;cc;cxx;c++;cppm;ixx;def;odl;idl;hpj;bat;asm;asmx</Extensions>
    </Filter>
  </ItemGroup>
  <ItemGroup>
    <ClCompile Include="..\Backjoon\1003_피보나치 함수.cpp">
      <Filter>소스 파일</Filter>
    </ClCompile>
    <ClCompile Include="..\Backjoon\1012_유기농 배추.cpp">
      <Filter>소스 파일</Filter>
    </ClCompile>
    <ClCompile Include="..\Backjoon\1018_체스판 다시 칠하기.cpp">
      <Filter>소스 파일</Filter>
    </ClCompile>
    <ClCompile Include="..\Backjoon\1181_단어 정렬.cpp">
      <Filter>소스 파일</Filter>
    </ClCompile>
    <ClCompile Include="..\Backjoon\17219_비밀번호 찾기.cpp">
      <Filter>소스 파일</Filter>
    </ClCompile>
    <ClCompile Include="..\Backjoon\15666_N과 M 12.cpp">
      <Filter>소스 파일</Filter>
    </ClCompile>
    <ClCompile Include="..\Backjoon\15663_N과 M 9.cpp">
      <Filter>소스 파일</Filter>
    </ClCompile>
    <ClCompile Include="..\Backjoon\15654_N과 M 5.cpp">
      <Filter>소스 파일</Filter>
    </ClCompile>
    <ClCompile Include="..\Backjoon\15652_N과 M 4.cpp">
      <Filter>소스 파일</Filter>
    </ClCompile>
    <ClCompile Include="..\Backjoon\15650_N과 M 2.cpp">
      <Filter>소스 파일</Filter>
    </ClCompile>
    <ClCompile Include="..\Backjoon\12891_DNA 비밀번호.cpp">
      <Filter>소스 파일</Filter>
    </ClCompile>
    <ClCompile Include="..\Backjoon\11725_트리의 부모 찾기.cpp">
      <Filter>소스 파일</Filter>
    </ClCompile>
    <ClCompile Include="..\Backjoon\11724_연결 요소의 개수.cpp">
      <Filter>소스 파일</Filter>
    </ClCompile>
    <ClCompile Include="..\Backjoon\11723_집합.cpp">
      <Filter>소스 파일</Filter>
    </ClCompile>
    <ClCompile Include="..\Backjoon\11660_구간 합 구하기 5.cpp">
      <Filter>소스 파일</Filter>
    </ClCompile>
    <ClCompile Include="..\Backjoon\11659_구간 합 구하기 4.cpp">
      <Filter>소스 파일</Filter>
    </ClCompile>
    <ClCompile Include="..\Backjoon\11651_좌표 정렬하기 2.cpp">
      <Filter>소스 파일</Filter>
    </ClCompile>
    <ClCompile Include="..\Backjoon\11650_좌표 정렬하기.cpp">
      <Filter>소스 파일</Filter>
    </ClCompile>
    <ClCompile Include="..\Backjoon\11403_경로 찾기.cpp">
      <Filter>소스 파일</Filter>
    </ClCompile>
    <ClCompile Include="..\Backjoon\11399_ATM.cpp">
      <Filter>소스 파일</Filter>
    </ClCompile>
    <ClCompile Include="2839_설탕 배달.cpp">
      <Filter>소스 파일</Filter>
    </ClCompile>
    <ClCompile Include="4949_균형잡힌 세상.cpp">
      <Filter>소스 파일</Filter>
    </ClCompile>
    <ClCompile Include="9012_괄호.cpp">
      <Filter>소스 파일</Filter>
    </ClCompile>
    <ClCompile Include="10816_숫자 카드 2.cpp">
      <Filter>소스 파일</Filter>
    </ClCompile>
    <ClCompile Include="11866_요세푸스 문제 0.cpp">
      <Filter>소스 파일</Filter>
    </ClCompile>
    <ClCompile Include="18110_solved_ac.cpp">
      <Filter>소스 파일</Filter>
    </ClCompile>
    <ClCompile Include="2108_통계학.cpp">
      <Filter>소스 파일</Filter>
    </ClCompile>
    <ClCompile Include="2579_계단 오르기.cpp">
      <Filter>소스 파일</Filter>
    </ClCompile>
    <ClCompile Include="9095_123더하기.cpp">
      <Filter>소스 파일</Filter>
    </ClCompile>
    <ClCompile Include="9375_패션왕 신해빈.cpp">
      <Filter>소스 파일</Filter>
    </ClCompile>
    <ClCompile Include="9461_파도반 수열.cpp">
      <Filter>소스 파일</Filter>
    </ClCompile>
    <ClCompile Include="11726_2xn 타일링.cpp">
      <Filter>소스 파일</Filter>
    </ClCompile>
    <ClCompile Include="11727_2xn 타일링 2.cpp">
      <Filter>소스 파일</Filter>
    </ClCompile>
    <ClCompile Include="17626_Four Squares.cpp">
      <Filter>소스 파일</Filter>
    </ClCompile>
    <ClCompile Include="2630_색종이 만들기.cpp">
      <Filter>소스 파일</Filter>
    </ClCompile>
    <ClCompile Include="16953_A B.cpp">
      <Filter>소스 파일</Filter>
    </ClCompile>
    <ClCompile Include="1654_랜선 자르기.cpp">
      <Filter>소스 파일</Filter>
    </ClCompile>
    <ClCompile Include="2805_나무 자르기.cpp">
      <Filter>소스 파일</Filter>
    </ClCompile>
    <ClCompile Include="18111_마인크래프트.cpp">
      <Filter>소스 파일</Filter>
    </ClCompile>
    <ClCompile Include="18870_좌표 압축.cpp">
      <Filter>소스 파일</Filter>
    </ClCompile>
    <ClCompile Include="1697_숨바꼭질.cpp">
      <Filter>소스 파일</Filter>
    </ClCompile>
    <ClCompile Include="21736_헌내기는 친구가 필요해.cpp">
      <Filter>소스 파일</Filter>
    </ClCompile>
    <ClCompile Include="30804_과일 탕후루.cpp">
      <Filter>소스 파일</Filter>
    </ClCompile>
    <ClCompile Include="..\Backjoon\1389_케빈 베이컨의 6단계 법칙.cpp">
      <Filter>소스 파일</Filter>
    </ClCompile>
    <ClCompile Include="2667_단지번호붙이기.cpp">
      <Filter>소스 파일</Filter>
    </ClCompile>
    <ClCompile Include="5525_IOIOI.cpp">
      <Filter>소스 파일</Filter>
    </ClCompile>
    <ClCompile Include="..\Backjoon\1541_잃어버린 괄호.cpp">
      <Filter>소스 파일</Filter>
    </ClCompile>
    <ClCompile Include="..\Backjoon\1620_나는야 포켓몬 마스터 이다솜.cpp">
      <Filter>소스 파일</Filter>
    </ClCompile>
    <ClCompile Include="14940_쉬운 최단거리.cpp">
      <Filter>소스 파일</Filter>
    </ClCompile>
    <ClCompile Include="24511_queuestack.cpp">
      <Filter>소스 파일</Filter>
    </ClCompile>
    <ClCompile Include="27967_고추장 괄호 문자열.cpp">
      <Filter>소스 파일</Filter>
    </ClCompile>
    <ClCompile Include="..\Backjoon\1260_BFS와 DFS.cpp">
      <Filter>소스 파일</Filter>
    </ClCompile>
    <ClCompile Include="..\Backjoon\1427_소트인사이드.cpp">
      <Filter>소스 파일</Filter>
    </ClCompile>
    <ClCompile Include="..\Backjoon\1436_영화감독 숌.cpp">
      <Filter>소스 파일</Filter>
    </ClCompile>
    <ClCompile Include="..\Backjoon\1463_1로 만들기.cpp">
      <Filter>소스 파일</Filter>
    </ClCompile>
    <ClCompile Include="..\Backjoon\1676_팩토리얼 0의 개수.cpp">
      <Filter>소스 파일</Filter>
    </ClCompile>
    <ClCompile Include="..\Backjoon\1747_소수&amp;팰린드롬.cpp">
      <Filter>소스 파일</Filter>
    </ClCompile>
    <ClCompile Include="..\Backjoon\1764_듣보잡.cpp">
      <Filter>소스 파일</Filter>
    </ClCompile>
    <ClCompile Include="..\Backjoon\1850_최대공약수.cpp">
      <Filter>소스 파일</Filter>
    </ClCompile>
    <ClCompile Include="..\Backjoon\1920_수 찾기.cpp">
      <Filter>소스 파일</Filter>
    </ClCompile>
    <ClCompile Include="..\Backjoon\1927_최소 힙.cpp">
      <Filter>소스 파일</Filter>
    </ClCompile>
    <ClCompile Include="..\Backjoon\1929_소수 구하기.cpp">
      <Filter>소스 파일</Filter>
    </ClCompile>
    <ClCompile Include="..\Backjoon\1940_주몽.cpp">
      <Filter>소스 파일</Filter>
    </ClCompile>
    <ClCompile Include="..\Backjoon\2018_수들의 합 5.cpp">
      <Filter>소스 파일</Filter>
    </ClCompile>
    <ClCompile Include="..\Backjoon\2164_카드2.cpp">
      <Filter>소스 파일</Filter>
    </ClCompile>
    <ClCompile Include="..\Backjoon\2178_미로 탐색.cpp">
      <Filter>소스 파일</Filter>
    </ClCompile>
    <ClCompile Include="..\Backjoon\2343_기타 레슨.cpp">
      <Filter>소스 파일</Filter>
    </ClCompile>
    <ClCompile Include="..\Backjoon\2579_계단 오르기.cpp">
      <Filter>소스 파일</Filter>
    </ClCompile>
    <ClCompile Include="..\Backjoon\2630_색종이 만들기.cpp">
      <Filter>소스 파일</Filter>
    </ClCompile>
    <ClCompile Include="..\Backjoon\2751_수 정렬하기 2.cpp">
      <Filter>소스 파일</Filter>
    </ClCompile>
    <ClCompile Include="..\Backjoon\9375_패션왕 신해빈.cpp">
      <Filter>소스 파일</Filter>
    </ClCompile>
    <ClCompile Include="..\Backjoon\10773_제로.cpp">
      <Filter>소스 파일</Filter>
    </ClCompile>
    <ClCompile Include="..\Backjoon\10814_나이순 정렬.cpp">
      <Filter>소스 파일</Filter>
    </ClCompile>
    <ClCompile Include="..\Backjoon\10828_스택.cpp">
      <Filter>소스 파일</Filter>
    </ClCompile>
    <ClCompile Include="..\Backjoon\10845_큐.cpp">
      <Filter>소스 파일</Filter>
    </ClCompile>
    <ClCompile Include="..\Backjoon\11004_K번째 수.cpp">
      <Filter>소스 파일</Filter>
    </ClCompile>
    <ClCompile Include="..\Backjoon\11047_동전 0.cpp">
      <Filter>소스 파일</Filter>
    </ClCompile>
    <ClCompile Include="..\Backjoon\11053_가장 긴 증가하는 부분 수열.cpp">
      <Filter>소스 파일</Filter>
    </ClCompile>
    <ClCompile Include="..\Backjoon\11279_최대 힙.cpp">
      <Filter>소스 파일</Filter>
    </ClCompile>
    <ClCompile Include="..\Backjoon\11286_절댓값 힙.cpp">
      <Filter>소스 파일</Filter>
    </ClCompile>
    <ClCompile Include="..\Backjoon\1874_스택 수열.cpp">
      <Filter>소스 파일</Filter>
    </ClCompile>
    <ClCompile Include="..\Backjoon\7568_덩치.cpp">
      <Filter>소스 파일</Filter>
    </ClCompile>
    <ClCompile Include="10844_쉬운 계단 수.cpp">
      <Filter>소스 파일</Filter>
    </ClCompile>
    <ClCompile Include="1932_정수 삼각형.cpp">
      <Filter>소스 파일</Filter>
    </ClCompile>
    <ClCompile Include="1316_그룹 단어 체커.cpp">
      <Filter>소스 파일</Filter>
    </ClCompile>
    <ClCompile Include="2941_크로아티아 알파벳.cpp">
      <Filter>소스 파일</Filter>
    </ClCompile>
    <ClCompile Include="25206_너의 평점은.cpp">
      <Filter>소스 파일</Filter>
    </ClCompile>
    <ClCompile Include="2563_색종이.cpp">
      <Filter>소스 파일</Filter>
    </ClCompile>
    <ClCompile Include="1193_분수찾기.cpp">
      <Filter>소스 파일</Filter>
    </ClCompile>
    <ClCompile Include="..\Bronze\24313_알고리즘 수업 - 점근적 표기 1.cpp">
      <Filter>소스 파일</Filter>
    </ClCompile>
    <ClCompile Include="10815_숫자 카드.cpp">
      <Filter>소스 파일</Filter>
    </ClCompile>
    <ClCompile Include="14425_문자열 집합.cpp">
      <Filter>소스 파일</Filter>
    </ClCompile>
    <ClCompile Include="7785_회사에 있는 사람.cpp">
      <Filter>소스 파일</Filter>
    </ClCompile>
    <ClCompile Include="1269_대칭 차집합.cpp">
      <Filter>소스 파일</Filter>
    </ClCompile>
    <ClCompile Include="11478_서로 다른 부분 문자열의 개수.cpp">
      <Filter>소스 파일</Filter>
    </ClCompile>
    <ClCompile Include="13241_최소공배수.cpp">
      <Filter>소스 파일</Filter>
    </ClCompile>
    <ClCompile Include="28278_스택 2.cpp">
      <Filter>소스 파일</Filter>
    </ClCompile>
    <ClCompile Include="1735_분수 합.cpp">
      <Filter>소스 파일</Filter>
    </ClCompile>
    <ClCompile Include="12789_도키도키 간식드리미.cpp">
      <Filter>소스 파일</Filter>
    </ClCompile>
    <ClCompile Include="18258_큐 2.cpp">
      <Filter>소스 파일</Filter>
    </ClCompile>
    <ClCompile Include="28279_덱 2.cpp">
      <Filter>소스 파일</Filter>
    </ClCompile>
    <ClCompile Include="2346_풍선 터뜨리기.cpp">
      <Filter>소스 파일</Filter>
    </ClCompile>
    <ClCompile Include="13900_창문 닫기.cpp">
      <Filter>소스 파일</Filter>
    </ClCompile>
    <ClCompile Include="1010_다리 놓기.cpp">
      <Filter>소스 파일</Filter>
    </ClCompile>
  </ItemGroup>
</Project>