<?xml version="1.0" encoding="utf-8"?>
<Project ToolsVersion="4.0" xmlns="http://schemas.microsoft.com/developer/msbuild/2003">
  <ItemGroup>
    <Filter Include="소스 파일">
      <UniqueIdentifier>{4FC737F1-C7A5-4376-A066-2A32D752A2FF}</UniqueIdentifier>
      <Extensions>cpp;c;cc;cxx;c++;cppm;ixx;def;odl;idl;hpj;bat;asm;asmx</Extensions>
    </Filter>
    <Filter Include="헤더 파일">
      <UniqueIdentifier>{93995380-89BD-4b04-88EB-625FBE52EBFB}</UniqueIdentifier>
      <Extensions>h;hh;hpp;hxx;h++;hm;inl;inc;ipp;xsd</Extensions>
    </Filter>
    <Filter Include="리소스 파일">
      <UniqueIdentifier>{67DA6AB6-F800-4c08-8B7A-83BB121AAD01}</UniqueIdentifier>
      <Extensions>rc;ico;cur;bmp;dlg;rc2;rct;bin;rgs;gif;jpg;jpeg;jpe;resx;tiff;tif;png;wav;mfcribbon-ms</Extensions>
    </Filter>
  </ItemGroup>
  <ItemGroup>
    <ClCompile Include="..\Backjoon\1003_피보나치 함수.cpp">
      <Filter>소스 파일</Filter>
    </ClCompile>
    <ClCompile Include="..\Backjoon\1012_유기농 배추.cpp">
      <Filter>소스 파일</Filter>
    </ClCompile>
    <ClCompile Include="..\Backjoon\1018_체스판 다시 칠하기.cpp">
      <Filter>소스 파일</Filter>
    </ClCompile>
    <ClCompile Include="..\Backjoon\1181_단어 정렬.cpp">
      <Filter>소스 파일</Filter>
    </ClCompile>
    <ClCompile Include="..\Backjoon\17219_비밀번호 찾기.cpp">
      <Filter>소스 파일</Filter>
    </ClCompile>
    <ClCompile Include="..\Backjoon\15666_N과 M 12.cpp">
      <Filter>소스 파일</Filter>
    </ClCompile>
    <ClCompile Include="..\Backjoon\15663_N과 M 9.cpp">
      <Filter>소스 파일</Filter>
    </ClCompile>
    <ClCompile Include="..\Backjoon\15654_N과 M 5.cpp">
      <Filter>소스 파일</Filter>
    </ClCompile>
    <ClCompile Include="..\Backjoon\15652_N과 M 4.cpp">
      <Filter>소스 파일</Filter>
    </ClCompile>
    <ClCompile Include="..\Backjoon\15650_N과 M 2.cpp">
      <Filter>소스 파일</Filter>
    </ClCompile>
    <ClCompile Include="..\Backjoon\12891_DNA 비밀번호.cpp">
      <Filter>소스 파일</Filter>
    </ClCompile>
    <ClCompile Include="..\Backjoon\11725_트리의 부모 찾기.cpp">
      <Filter>소스 파일</Filter>
    </ClCompile>
    <ClCompile Include="..\Backjoon\11724_연결 요소의 개수.cpp">
      <Filter>소스 파일</Filter>
    </ClCompile>
    <ClCompile Include="..\Backjoon\11723_집합.cpp">
      <Filter>소스 파일</Filter>
    </ClCompile>
    <ClCompile Include="..\Backjoon\11660_구간 합 구하기 5.cpp">
      <Filter>소스 파일</Filter>
    </ClCompile>
    <ClCompile Include="..\Backjoon\11659_구간 합 구하기 4.cpp">
      <Filter>소스 파일</Filter>
    </ClCompile>
    <ClCompile Include="..\Backjoon\11651_좌표 정렬하기 2.cpp">
      <Filter>소스 파일</Filter>
    </ClCompile>
    <ClCompile Include="..\Backjoon\11650_좌표 정렬하기.cpp">
      <Filter>소스 파일</Filter>
    </ClCompile>
    <ClCompile Include="..\Backjoon\11403_경로 찾기.cpp">
      <Filter>소스 파일</Filter>
    </ClCompile>
    <ClCompile Include="..\Backjoon\11399_ATM.cpp">
      <Filter>소스 파일</Filter>
    </ClCompile>
    <ClCompile Include="2839_설탕 배달.cpp">
      <Filter>소스 파일</Filter>
    </ClCompile>
    <ClCompile Include="4949_균형잡힌 세상.cpp">
      <Filter>소스 파일</Filter>
    </ClCompile>
    <ClCompile Include="9012_괄호.cpp">
      <Filter>소스 파일</Filter>
    </ClCompile>
    <ClCompile Include="10816_숫자 카드 2.cpp">
      <Filter>소스 파일</Filter>
    </ClCompile>
    <ClCompile Include="11866_요세푸스 문제 0.cpp">
      <Filter>소스 파일</Filter>
    </ClCompile>
    <ClCompile Include="18110_solved_ac.cpp">
      <Filter>소스 파일</Filter>
    </ClCompile>
    <ClCompile Include="2108_통계학.cpp">
      <Filter>소스 파일</Filter>
    </ClCompile>
    <ClCompile Include="2579_계단 오르기.cpp">
      <Filter>소스 파일</Filter>
    </ClCompile>
    <ClCompile Include="9095_123더하기.cpp">
      <Filter>소스 파일</Filter>
    </ClCompile>
    <ClCompile Include="9375_패션왕 신해빈.cpp">
      <Filter>소스 파일</Filter>
    </ClCompile>
    <ClCompile Include="9461_파도반 수열.cpp">
      <Filter>소스 파일</Filter>
    </ClCompile>
    <ClCompile Include="11726_2xn 타일링.cpp">
      <Filter>소스 파일</Filter>
    </ClCompile>
    <ClCompile Include="11727_2xn 타일링 2.cpp">
      <Filter>소스 파일</Filter>
    </ClCompile>
    <ClCompile Include="17626_Four Squares.cpp">
      <Filter>소스 파일</Filter>
    </ClCompile>
    <ClCompile Include="2630_색종이 만들기.cpp">
      <Filter>소스 파일</Filter>
    </ClCompile>
    <ClCompile Include="16953_A B.cpp">
      <Filter>소스 파일</Filter>
    </ClCompile>
    <ClCompile Include="1654_랜선 자르기.cpp">
      <Filter>소스 파일</Filter>
    </ClCompile>
    <ClCompile Include="2805_나무 자르기.cpp">
      <Filter>소스 파일</Filter>
    </ClCompile>
    <ClCompile Include="18111_마인크래프트.cpp">
      <Filter>소스 파일</Filter>
    </ClCompile>
    <ClCompile Include="18870_좌표 압축.cpp">
      <Filter>소스 파일</Filter>
    </ClCompile>
    <ClCompile Include="1697_숨바꼭질.cpp">
      <Filter>소스 파일</Filter>
    </ClCompile>
    <ClCompile Include="21736_헌내기는 친구가 필요해.cpp">
      <Filter>소스 파일</Filter>
    </ClCompile>
    <ClCompile Include="30804_과일 탕후루.cpp">
      <Filter>소스 파일</Filter>
    </ClCompile>
  </ItemGroup>
</Project>