<?xml version="1.0" encoding="utf-8"?>
<Project ToolsVersion="4.0" xmlns="http://schemas.microsoft.com/developer/msbuild/2003">
  <ItemGroup>
    <Filter Include="소스 파일">
      <UniqueIdentifier>{4FC737F1-C7A5-4376-A066-2A32D752A2FF}</UniqueIdentifier>
      <Extensions>cpp;c;cc;cxx;c++;cppm;ixx;def;odl;idl;hpj;bat;asm;asmx</Extensions>
    </Filter>
  </ItemGroup>
  <ItemGroup>
    <ClCompile Include="..\Backjoon\1152_단어의 개수.cpp">
      <Filter>소스 파일</Filter>
    </ClCompile>
    <ClCompile Include="..\Backjoon\31403_A+B-C.cpp">
      <Filter>소스 파일</Filter>
    </ClCompile>
    <ClCompile Include="..\Backjoon\30802_웰컴키트.cpp">
      <Filter>소스 파일</Filter>
    </ClCompile>
    <ClCompile Include="..\Backjoon\27866_문자와 문자열.cpp">
      <Filter>소스 파일</Filter>
    </ClCompile>
    <ClCompile Include="..\Backjoon\25083_새싹.cpp">
      <Filter>소스 파일</Filter>
    </ClCompile>
    <ClCompile Include="..\Backjoon\15829_Hashing.cpp">
      <Filter>소스 파일</Filter>
    </ClCompile>
    <ClCompile Include="..\Backjoon\11720_숫자의 합.cpp">
      <Filter>소스 파일</Filter>
    </ClCompile>
    <ClCompile Include="..\Backjoon\11654_아스키 코드.cpp">
      <Filter>소스 파일</Filter>
    </ClCompile>
    <ClCompile Include="2869_달팽이는 올라가고 싶다.cpp">
      <Filter>소스 파일</Filter>
    </ClCompile>
    <ClCompile Include="11050_이항 계수 1.cpp">
      <Filter>소스 파일</Filter>
    </ClCompile>
    <ClCompile Include="14626_ISBN.cpp">
      <Filter>소스 파일</Filter>
    </ClCompile>
    <ClCompile Include="28702_FizzBuzz.cpp">
      <Filter>소스 파일</Filter>
    </ClCompile>
    <ClCompile Include="..\Backjoon\1259_팰린드롬수.cpp">
      <Filter>소스 파일</Filter>
    </ClCompile>
    <ClCompile Include="..\Backjoon\1330_두 수 비교하기cpp.cpp">
      <Filter>소스 파일</Filter>
    </ClCompile>
    <ClCompile Include="..\Backjoon\1546_평균.cpp">
      <Filter>소스 파일</Filter>
    </ClCompile>
    <ClCompile Include="..\Backjoon\1934_최소 공배수 구하기.cpp">
      <Filter>소스 파일</Filter>
    </ClCompile>
    <ClCompile Include="..\Backjoon\1978_소수 찾기.cpp">
      <Filter>소스 파일</Filter>
    </ClCompile>
    <ClCompile Include="..\Backjoon\2231_분해합.cpp">
      <Filter>소스 파일</Filter>
    </ClCompile>
    <ClCompile Include="..\Backjoon\2292_벌집.cpp">
      <Filter>소스 파일</Filter>
    </ClCompile>
    <ClCompile Include="..\Backjoon\2475_검증수.cpp">
      <Filter>소스 파일</Filter>
    </ClCompile>
    <ClCompile Include="..\Backjoon\2562_최댓값.cpp">
      <Filter>소스 파일</Filter>
    </ClCompile>
    <ClCompile Include="..\Backjoon\2577_숫자의 개수.cpp">
      <Filter>소스 파일</Filter>
    </ClCompile>
    <ClCompile Include="..\Backjoon\2609_최대공약수와 최소공배수.cpp">
      <Filter>소스 파일</Filter>
    </ClCompile>
    <ClCompile Include="..\Backjoon\2675_문자열 반복.cpp">
      <Filter>소스 파일</Filter>
    </ClCompile>
    <ClCompile Include="..\Backjoon\2739_구구단.cpp">
      <Filter>소스 파일</Filter>
    </ClCompile>
    <ClCompile Include="..\Backjoon\2741_N 찍기.cpp">
      <Filter>소스 파일</Filter>
    </ClCompile>
    <ClCompile Include="..\Backjoon\2750_수 정렬하기.cpp">
      <Filter>소스 파일</Filter>
    </ClCompile>
    <ClCompile Include="..\Backjoon\2753_윤년.cpp">
      <Filter>소스 파일</Filter>
    </ClCompile>
    <ClCompile Include="..\Backjoon\2775_부녀회장이 될테야.cpp">
      <Filter>소스 파일</Filter>
    </ClCompile>
    <ClCompile Include="..\Backjoon\2798_블랙잭.cpp">
      <Filter>소스 파일</Filter>
    </ClCompile>
    <ClCompile Include="..\Backjoon\2884_알람 시계.cpp">
      <Filter>소스 파일</Filter>
    </ClCompile>
    <ClCompile Include="..\Backjoon\2920_음계.cpp">
      <Filter>소스 파일</Filter>
    </ClCompile>
    <ClCompile Include="..\Backjoon\3052_나머지.cpp">
      <Filter>소스 파일</Filter>
    </ClCompile>
    <ClCompile Include="..\Backjoon\4153_직각삼각형.cpp">
      <Filter>소스 파일</Filter>
    </ClCompile>
    <ClCompile Include="..\Backjoon\8958_OX퀴즈.cpp">
      <Filter>소스 파일</Filter>
    </ClCompile>
    <ClCompile Include="..\Backjoon\9498_시험 성적.cpp">
      <Filter>소스 파일</Filter>
    </ClCompile>
    <ClCompile Include="..\Backjoon\10171_고양이.cpp">
      <Filter>소스 파일</Filter>
    </ClCompile>
    <ClCompile Include="..\Backjoon\10250.cpp">
      <Filter>소스 파일</Filter>
    </ClCompile>
    <ClCompile Include="..\Backjoon\10809_알파벳 찾기.cpp">
      <Filter>소스 파일</Filter>
    </ClCompile>
    <ClCompile Include="..\Backjoon\10871_X보다 작은 수.cpp">
      <Filter>소스 파일</Filter>
    </ClCompile>
    <ClCompile Include="..\Backjoon\10950_A+B - 3.cpp">
      <Filter>소스 파일</Filter>
    </ClCompile>
    <ClCompile Include="..\Backjoon\10951_A+B - 4.cpp">
      <Filter>소스 파일</Filter>
    </ClCompile>
    <ClCompile Include="..\Backjoon\10952_A+B - 5.cpp">
      <Filter>소스 파일</Filter>
    </ClCompile>
    <ClCompile Include="..\Backjoon\10989_수 정렬하기 3.cpp">
      <Filter>소스 파일</Filter>
    </ClCompile>
    <ClCompile Include="1157_단어 공부.cpp">
      <Filter>소스 파일</Filter>
    </ClCompile>
    <ClCompile Include="2738_행렬 덧셈.cpp">
      <Filter>소스 파일</Filter>
    </ClCompile>
    <ClCompile Include="2566_최댓값.cpp">
      <Filter>소스 파일</Filter>
    </ClCompile>
    <ClCompile Include="10798_세로읽기.cpp">
      <Filter>소스 파일</Filter>
    </ClCompile>
    <ClCompile Include="2745_진법 변환.cpp">
      <Filter>소스 파일</Filter>
    </ClCompile>
    <ClCompile Include="2720_세탁소 사장 동혁.cpp">
      <Filter>소스 파일</Filter>
    </ClCompile>
    <ClCompile Include="2903_중앙 이동 알고리즘.cpp">
      <Filter>소스 파일</Filter>
    </ClCompile>
    <ClCompile Include="11005_진법 변환2.cpp">
      <Filter>소스 파일</Filter>
    </ClCompile>
    <ClCompile Include="5086_배수와 약수.cpp">
      <Filter>소스 파일</Filter>
    </ClCompile>
    <ClCompile Include="2501_약수 구하기.cpp">
      <Filter>소스 파일</Filter>
    </ClCompile>
    <ClCompile Include="9506_약수들의 합.cpp">
      <Filter>소스 파일</Filter>
    </ClCompile>
    <ClCompile Include="2581_소수.cpp">
      <Filter>소스 파일</Filter>
    </ClCompile>
    <ClCompile Include="11653_소인수분해.cpp">
      <Filter>소스 파일</Filter>
    </ClCompile>
    <ClCompile Include="1085_직사각형에서 탈출.cpp">
      <Filter>소스 파일</Filter>
    </ClCompile>
    <ClCompile Include="3009_네 번째 점.cpp">
      <Filter>소스 파일</Filter>
    </ClCompile>
    <ClCompile Include="15894_수학은 체육과목 입니다.cpp">
      <Filter>소스 파일</Filter>
    </ClCompile>
    <ClCompile Include="9063_대지.cpp">
      <Filter>소스 파일</Filter>
    </ClCompile>
    <ClCompile Include="10101_삼각형 외우기.cpp">
      <Filter>소스 파일</Filter>
    </ClCompile>
    <ClCompile Include="5073_삼각형과 세 변.cpp">
      <Filter>소스 파일</Filter>
    </ClCompile>
    <ClCompile Include="14215_ 세 막대.cpp">
      <Filter>소스 파일</Filter>
    </ClCompile>
    <ClCompile Include="24262_알고리즘 수업 - 알고리즘의 수행 시간 1.cpp">
      <Filter>소스 파일</Filter>
    </ClCompile>
    <ClCompile Include="24263_알고리즘 수업 - 알고리즘의 수행 시간 2.cpp">
      <Filter>소스 파일</Filter>
    </ClCompile>
    <ClCompile Include="24264_알고리즘 수업 - 알고리즘의 수행 시간 3.cpp">
      <Filter>소스 파일</Filter>
    </ClCompile>
    <ClCompile Include="24265_알고리즘 수업 - 알고리즘의 수행 시간 4.cpp">
      <Filter>소스 파일</Filter>
    </ClCompile>
    <ClCompile Include="24266_알고리즘 수업 - 알고리즘의 수행 시간 5.cpp">
      <Filter>소스 파일</Filter>
    </ClCompile>
    <ClCompile Include="24267_알고리즘 수업 - 알고리즘의 수행 시간 6.cpp">
      <Filter>소스 파일</Filter>
    </ClCompile>
    <ClCompile Include="19532_수학은 비대면강의입니다.cpp">
      <Filter>소스 파일</Filter>
    </ClCompile>
    <ClCompile Include="2587_대표값2.cpp">
      <Filter>소스 파일</Filter>
    </ClCompile>
    <ClCompile Include="25305_커트라인.cpp">
      <Filter>소스 파일</Filter>
    </ClCompile>
    <ClCompile Include="27433_팩토리얼 2.cpp">
      <Filter>소스 파일</Filter>
    </ClCompile>
    <ClCompile Include="10872_팩토리얼.cpp">
      <Filter>소스 파일</Filter>
    </ClCompile>
    <ClCompile Include="15439_베라의 패션.cpp">
      <Filter>소스 파일</Filter>
    </ClCompile>
    <ClCompile Include="24723_녹색거탑.cpp">
      <Filter>소스 파일</Filter>
    </ClCompile>
    <ClCompile Include="10870_피보나치 수 5.cpp">
      <Filter>소스 파일</Filter>
    </ClCompile>
    <ClCompile Include="25501_재귀의 귀재.cpp">
      <Filter>소스 파일</Filter>
    </ClCompile>
    <ClCompile Include="1009_분산처리.cpp">
      <Filter>소스 파일</Filter>
    </ClCompile>
    <ClCompile Include="1037_약수.cpp">
      <Filter>소스 파일</Filter>
    </ClCompile>
    <ClCompile Include="10718_We love kriii.cpp">
      <Filter>소스 파일</Filter>
    </ClCompile>
    <ClCompile Include="1110_더하기 사이클.cpp">
      <Filter>소스 파일</Filter>
    </ClCompile>
    <ClCompile Include="2742_기찍 N.cpp">
      <Filter>소스 파일</Filter>
    </ClCompile>
    <ClCompile Include="2558_A+B-2.cpp">
      <Filter>소스 파일</Filter>
    </ClCompile>
    <ClCompile Include="10817_세 수.cpp">
      <Filter>소스 파일</Filter>
    </ClCompile>
    <ClCompile Include="7287_등록.cpp">
      <Filter>소스 파일</Filter>
    </ClCompile>
    <ClCompile Include="15596_정수 N개의 합.cpp">
      <Filter>소스 파일</Filter>
    </ClCompile>
    <ClCompile Include="1924_2007년.cpp">
      <Filter>소스 파일</Filter>
    </ClCompile>
    <ClCompile Include="11721_열 개씩 끊어 출력하기.cpp">
      <Filter>소스 파일</Filter>
    </ClCompile>
    <ClCompile Include="2747_피보나치 수.cpp">
      <Filter>소스 파일</Filter>
    </ClCompile>
    <ClCompile Include="11719_그대로 출력하기 2.cpp">
      <Filter>소스 파일</Filter>
    </ClCompile>
    <ClCompile Include="2754_학점계산.cpp">
      <Filter>소스 파일</Filter>
    </ClCompile>
    <ClCompile Include="2490_윷놀이.cpp">
      <Filter>소스 파일</Filter>
    </ClCompile>
    <ClCompile Include="1032_명령 프롬프트.cpp">
      <Filter>소스 파일</Filter>
    </ClCompile>
    <ClCompile Include="2576_홀수.cpp">
      <Filter>소스 파일</Filter>
    </ClCompile>
    <ClCompile Include="9093_단어 뒤집기.cpp">
      <Filter>소스 파일</Filter>
    </ClCompile>
    <ClCompile Include="10886_0=notcute\10886.cpp">
      <Filter>소스 파일</Filter>
    </ClCompile>
    <ClCompile Include="2914_저작권.cpp">
      <Filter>소스 파일</Filter>
    </ClCompile>
    <ClCompile Include="10162_전자레인지.cpp">
      <Filter>소스 파일</Filter>
    </ClCompile>
    <ClCompile Include="2522_별 찍기 12.cpp">
      <Filter>소스 파일</Filter>
    </ClCompile>
    <ClCompile Include="1292_쉽게 푸는 문제.cpp">
      <Filter>소스 파일</Filter>
    </ClCompile>
    <ClCompile Include="10991_별 찍기 16.cpp">
      <Filter>소스 파일</Filter>
    </ClCompile>
    <ClCompile Include="10992_별 찍기 17.cpp">
      <Filter>소스 파일</Filter>
    </ClCompile>
    <ClCompile Include="10996_별 찍기 21.cpp">
      <Filter>소스 파일</Filter>
    </ClCompile>
    <ClCompile Include="24416_알고리즘 수업 - 피보나치 수 1.cpp">
      <Filter>소스 파일</Filter>
    </ClCompile>
    <ClCompile Include="2309_일곱 난쟁이.cpp">
      <Filter>소스 파일</Filter>
    </ClCompile>
  </ItemGroup>
</Project>